// !$*UTF8*$!
{
	archiveVersion = 1;
	classes = {
	};
	objectVersion = 56;
	objects = {

/* Begin PBXBuildFile section */
		276738D62A9ECC0800E5D68F /* FSCalendar in Frameworks */ = {isa = PBXBuildFile; productRef = 276738D52A9ECC0800E5D68F /* FSCalendar */; };
		276738DD2A9ECEC800E5D68F /* PeriodSelectionCell.swift in Sources */ = {isa = PBXBuildFile; fileRef = 276738DC2A9ECEC800E5D68F /* PeriodSelectionCell.swift */; };
		27FAB0772A9D875C001E63DF /* KakaoHealthcareCalendar.framework in Frameworks */ = {isa = PBXBuildFile; fileRef = 27FAB06C2A9D875C001E63DF /* KakaoHealthcareCalendar.framework */; };
		27FAB07C2A9D875C001E63DF /* KakaoHealthcareCalendarTests.swift in Sources */ = {isa = PBXBuildFile; fileRef = 27FAB07B2A9D875C001E63DF /* KakaoHealthcareCalendarTests.swift */; };
		27FAB0882A9D88F6001E63DF /* CHANGELOG.md in Resources */ = {isa = PBXBuildFile; fileRef = 27FAB0862A9D88F6001E63DF /* CHANGELOG.md */; };
		27FAB0892A9D88F6001E63DF /* README.md in Resources */ = {isa = PBXBuildFile; fileRef = 27FAB0872A9D88F6001E63DF /* README.md */; };
		27FAB08B2A9D890B001E63DF /* LICENSE in Resources */ = {isa = PBXBuildFile; fileRef = 27FAB08A2A9D890B001E63DF /* LICENSE */; };
		27FAB0C02A9D8B1F001E63DF /* Hasher+CGRect.swift in Sources */ = {isa = PBXBuildFile; fileRef = 27FAB0902A9D8B1F001E63DF /* Hasher+CGRect.swift */; };
/* End PBXBuildFile section */

/* Begin PBXContainerItemProxy section */
		27FAB0782A9D875C001E63DF /* PBXContainerItemProxy */ = {
			isa = PBXContainerItemProxy;
			containerPortal = 27FAB0632A9D875C001E63DF /* Project object */;
			proxyType = 1;
			remoteGlobalIDString = 27FAB06B2A9D875C001E63DF;
			remoteInfo = KakaoHealthcareCalendar;
		};
/* End PBXContainerItemProxy section */

/* Begin PBXFileReference section */
		276738DC2A9ECEC800E5D68F /* PeriodSelectionCell.swift */ = {isa = PBXFileReference; lastKnownFileType = sourcecode.swift; path = PeriodSelectionCell.swift; sourceTree = "<group>"; };
		27FAB06C2A9D875C001E63DF /* KakaoHealthcareCalendar.framework */ = {isa = PBXFileReference; explicitFileType = wrapper.framework; includeInIndex = 0; path = KakaoHealthcareCalendar.framework; sourceTree = BUILT_PRODUCTS_DIR; };
		27FAB0762A9D875C001E63DF /* KakaoHealthcareCalendarTests.xctest */ = {isa = PBXFileReference; explicitFileType = wrapper.cfbundle; includeInIndex = 0; path = KakaoHealthcareCalendarTests.xctest; sourceTree = BUILT_PRODUCTS_DIR; };
		27FAB07B2A9D875C001E63DF /* KakaoHealthcareCalendarTests.swift */ = {isa = PBXFileReference; lastKnownFileType = sourcecode.swift; path = KakaoHealthcareCalendarTests.swift; sourceTree = "<group>"; };
		27FAB0862A9D88F6001E63DF /* CHANGELOG.md */ = {isa = PBXFileReference; fileEncoding = 4; lastKnownFileType = net.daringfireball.markdown; path = CHANGELOG.md; sourceTree = "<group>"; };
		27FAB0872A9D88F6001E63DF /* README.md */ = {isa = PBXFileReference; fileEncoding = 4; lastKnownFileType = net.daringfireball.markdown; path = README.md; sourceTree = "<group>"; };
		27FAB08A2A9D890B001E63DF /* LICENSE */ = {isa = PBXFileReference; fileEncoding = 4; lastKnownFileType = text; path = LICENSE; sourceTree = "<group>"; };
		27FAB0902A9D8B1F001E63DF /* Hasher+CGRect.swift */ = {isa = PBXFileReference; fileEncoding = 4; lastKnownFileType = sourcecode.swift; path = "Hasher+CGRect.swift"; sourceTree = "<group>"; };
/* End PBXFileReference section */

/* Begin PBXFrameworksBuildPhase section */
		27FAB0692A9D875C001E63DF /* Frameworks */ = {
			isa = PBXFrameworksBuildPhase;
			buildActionMask = 2147483647;
			files = (
				276738D62A9ECC0800E5D68F /* FSCalendar in Frameworks */,
			);
			runOnlyForDeploymentPostprocessing = 0;
		};
		27FAB0732A9D875C001E63DF /* Frameworks */ = {
			isa = PBXFrameworksBuildPhase;
			buildActionMask = 2147483647;
			files = (
				27FAB0772A9D875C001E63DF /* KakaoHealthcareCalendar.framework in Frameworks */,
			);
			runOnlyForDeploymentPostprocessing = 0;
		};
/* End PBXFrameworksBuildPhase section */

/* Begin PBXGroup section */
		276738D72A9ECDE600E5D68F /* Template */ = {
			isa = PBXGroup;
			children = (
				276738DC2A9ECEC800E5D68F /* PeriodSelectionCell.swift */,
			);
			path = Template;
			sourceTree = "<group>";
		};
		27FAB0622A9D875C001E63DF = {
			isa = PBXGroup;
			children = (
				27FAB0862A9D88F6001E63DF /* CHANGELOG.md */,
				27FAB0872A9D88F6001E63DF /* README.md */,
				27FAB08A2A9D890B001E63DF /* LICENSE */,
				27FAB08E2A9D8AD3001E63DF /* Sources */,
				27FAB07A2A9D875C001E63DF /* Tests */,
				27FAB06D2A9D875C001E63DF /* Products */,
			);
			sourceTree = "<group>";
		};
		27FAB06D2A9D875C001E63DF /* Products */ = {
			isa = PBXGroup;
			children = (
				27FAB06C2A9D875C001E63DF /* KakaoHealthcareCalendar.framework */,
				27FAB0762A9D875C001E63DF /* KakaoHealthcareCalendarTests.xctest */,
			);
			name = Products;
			sourceTree = "<group>";
		};
		27FAB07A2A9D875C001E63DF /* Tests */ = {
			isa = PBXGroup;
			children = (
				27FAB07B2A9D875C001E63DF /* KakaoHealthcareCalendarTests.swift */,
			);
			path = Tests;
			sourceTree = "<group>";
		};
		27FAB08E2A9D8AD3001E63DF /* Sources */ = {
			isa = PBXGroup;
			children = (
				276738D72A9ECDE600E5D68F /* Template */,
				27FAB08F2A9D8B1F001E63DF /* Internal */,
			);
			path = Sources;
			sourceTree = "<group>";
		};
		27FAB08F2A9D8B1F001E63DF /* Internal */ = {
			isa = PBXGroup;
			children = (
				27FAB0902A9D8B1F001E63DF /* Hasher+CGRect.swift */,
			);
			path = Internal;
			sourceTree = "<group>";
		};
/* End PBXGroup section */

/* Begin PBXHeadersBuildPhase section */
		27FAB0672A9D875C001E63DF /* Headers */ = {
			isa = PBXHeadersBuildPhase;
			buildActionMask = 2147483647;
			files = (
			);
			runOnlyForDeploymentPostprocessing = 0;
		};
/* End PBXHeadersBuildPhase section */

/* Begin PBXNativeTarget section */
		27FAB06B2A9D875C001E63DF /* KakaoHealthcareCalendar */ = {
			isa = PBXNativeTarget;
			buildConfigurationList = 27FAB0802A9D875C001E63DF /* Build configuration list for PBXNativeTarget "KakaoHealthcareCalendar" */;
			buildPhases = (
				27FAB0672A9D875C001E63DF /* Headers */,
				27FAB0682A9D875C001E63DF /* Sources */,
				27FAB0692A9D875C001E63DF /* Frameworks */,
				27FAB06A2A9D875C001E63DF /* Resources */,
			);
			buildRules = (
			);
			dependencies = (
			);
			name = KakaoHealthcareCalendar;
			packageProductDependencies = (
				276738D52A9ECC0800E5D68F /* FSCalendar */,
			);
			productName = KakaoHealthcareCalendar;
			productReference = 27FAB06C2A9D875C001E63DF /* KakaoHealthcareCalendar.framework */;
			productType = "com.apple.product-type.framework";
		};
		27FAB0752A9D875C001E63DF /* KakaoHealthcareCalendarTests */ = {
			isa = PBXNativeTarget;
			buildConfigurationList = 27FAB0832A9D875C001E63DF /* Build configuration list for PBXNativeTarget "KakaoHealthcareCalendarTests" */;
			buildPhases = (
				27FAB0722A9D875C001E63DF /* Sources */,
				27FAB0732A9D875C001E63DF /* Frameworks */,
				27FAB0742A9D875C001E63DF /* Resources */,
			);
			buildRules = (
			);
			dependencies = (
				27FAB0792A9D875C001E63DF /* PBXTargetDependency */,
			);
			name = KakaoHealthcareCalendarTests;
			productName = KakaoHealthcareCalendarTests;
			productReference = 27FAB0762A9D875C001E63DF /* KakaoHealthcareCalendarTests.xctest */;
			productType = "com.apple.product-type.bundle.unit-test";
		};
/* End PBXNativeTarget section */

/* Begin PBXProject section */
		27FAB0632A9D875C001E63DF /* Project object */ = {
			isa = PBXProject;
			attributes = {
				BuildIndependentTargetsInParallel = 1;
				LastSwiftUpdateCheck = 1430;
				LastUpgradeCheck = 1430;
				TargetAttributes = {
					27FAB06B2A9D875C001E63DF = {
						CreatedOnToolsVersion = 14.3;
					};
					27FAB0752A9D875C001E63DF = {
						CreatedOnToolsVersion = 14.3;
					};
				};
			};
			buildConfigurationList = 27FAB0662A9D875C001E63DF /* Build configuration list for PBXProject "KakaoHealthcareCalendar" */;
			compatibilityVersion = "Xcode 14.0";
			developmentRegion = en;
			hasScannedForEncodings = 0;
			knownRegions = (
				en,
				Base,
			);
			mainGroup = 27FAB0622A9D875C001E63DF;
			packageReferences = (
				276738D42A9ECC0800E5D68F /* XCRemoteSwiftPackageReference "FSCalendar" */,
			);
			productRefGroup = 27FAB06D2A9D875C001E63DF /* Products */;
			projectDirPath = "";
			projectRoot = "";
			targets = (
				27FAB06B2A9D875C001E63DF /* KakaoHealthcareCalendar */,
				27FAB0752A9D875C001E63DF /* KakaoHealthcareCalendarTests */,
			);
		};
/* End PBXProject section */

/* Begin PBXResourcesBuildPhase section */
		27FAB06A2A9D875C001E63DF /* Resources */ = {
			isa = PBXResourcesBuildPhase;
			buildActionMask = 2147483647;
			files = (
				27FAB08B2A9D890B001E63DF /* LICENSE in Resources */,
				27FAB0892A9D88F6001E63DF /* README.md in Resources */,
				27FAB0882A9D88F6001E63DF /* CHANGELOG.md in Resources */,
			);
			runOnlyForDeploymentPostprocessing = 0;
		};
		27FAB0742A9D875C001E63DF /* Resources */ = {
			isa = PBXResourcesBuildPhase;
			buildActionMask = 2147483647;
			files = (
			);
			runOnlyForDeploymentPostprocessing = 0;
		};
/* End PBXResourcesBuildPhase section */

/* Begin PBXSourcesBuildPhase section */
		27FAB0682A9D875C001E63DF /* Sources */ = {
			isa = PBXSourcesBuildPhase;
			buildActionMask = 2147483647;
			files = (
				276738DD2A9ECEC800E5D68F /* PeriodSelectionCell.swift in Sources */,
				27FAB0C02A9D8B1F001E63DF /* Hasher+CGRect.swift in Sources */,
			);
			runOnlyForDeploymentPostprocessing = 0;
		};
		27FAB0722A9D875C001E63DF /* Sources */ = {
			isa = PBXSourcesBuildPhase;
			buildActionMask = 2147483647;
			files = (
				27FAB07C2A9D875C001E63DF /* KakaoHealthcareCalendarTests.swift in Sources */,
			);
			runOnlyForDeploymentPostprocessing = 0;
		};
/* End PBXSourcesBuildPhase section */

/* Begin PBXTargetDependency section */
		27FAB0792A9D875C001E63DF /* PBXTargetDependency */ = {
			isa = PBXTargetDependency;
			target = 27FAB06B2A9D875C001E63DF /* KakaoHealthcareCalendar */;
			targetProxy = 27FAB0782A9D875C001E63DF /* PBXContainerItemProxy */;
		};
/* End PBXTargetDependency section */

/* Begin XCBuildConfiguration section */
		27FAB07E2A9D875C001E63DF /* Debug */ = {
			isa = XCBuildConfiguration;
			buildSettings = {
				ALWAYS_SEARCH_USER_PATHS = NO;
				CLANG_ANALYZER_NONNULL = YES;
				CLANG_ANALYZER_NUMBER_OBJECT_CONVERSION = YES_AGGRESSIVE;
				CLANG_CXX_LANGUAGE_STANDARD = "gnu++20";
				CLANG_ENABLE_MODULES = YES;
				CLANG_ENABLE_OBJC_ARC = YES;
				CLANG_ENABLE_OBJC_WEAK = YES;
				CLANG_WARN_BLOCK_CAPTURE_AUTORELEASING = YES;
				CLANG_WARN_BOOL_CONVERSION = YES;
				CLANG_WARN_COMMA = YES;
				CLANG_WARN_CONSTANT_CONVERSION = YES;
				CLANG_WARN_DEPRECATED_OBJC_IMPLEMENTATIONS = YES;
				CLANG_WARN_DIRECT_OBJC_ISA_USAGE = YES_ERROR;
				CLANG_WARN_DOCUMENTATION_COMMENTS = YES;
				CLANG_WARN_EMPTY_BODY = YES;
				CLANG_WARN_ENUM_CONVERSION = YES;
				CLANG_WARN_INFINITE_RECURSION = YES;
				CLANG_WARN_INT_CONVERSION = YES;
				CLANG_WARN_NON_LITERAL_NULL_CONVERSION = YES;
				CLANG_WARN_OBJC_IMPLICIT_RETAIN_SELF = YES;
				CLANG_WARN_OBJC_LITERAL_CONVERSION = YES;
				CLANG_WARN_OBJC_ROOT_CLASS = YES_ERROR;
				CLANG_WARN_QUOTED_INCLUDE_IN_FRAMEWORK_HEADER = YES;
				CLANG_WARN_RANGE_LOOP_ANALYSIS = YES;
				CLANG_WARN_STRICT_PROTOTYPES = YES;
				CLANG_WARN_SUSPICIOUS_MOVE = YES;
				CLANG_WARN_UNGUARDED_AVAILABILITY = YES_AGGRESSIVE;
				CLANG_WARN_UNREACHABLE_CODE = YES;
				CLANG_WARN__DUPLICATE_METHOD_MATCH = YES;
				COPY_PHASE_STRIP = NO;
				CURRENT_PROJECT_VERSION = 1;
				DEBUG_INFORMATION_FORMAT = dwarf;
				ENABLE_STRICT_OBJC_MSGSEND = YES;
				ENABLE_TESTABILITY = YES;
				GCC_C_LANGUAGE_STANDARD = gnu11;
				GCC_DYNAMIC_NO_PIC = NO;
				GCC_NO_COMMON_BLOCKS = YES;
				GCC_OPTIMIZATION_LEVEL = 0;
				GCC_PREPROCESSOR_DEFINITIONS = (
					"DEBUG=1",
					"$(inherited)",
				);
				GCC_WARN_64_TO_32_BIT_CONVERSION = YES;
				GCC_WARN_ABOUT_RETURN_TYPE = YES_ERROR;
				GCC_WARN_UNDECLARED_SELECTOR = YES;
				GCC_WARN_UNINITIALIZED_AUTOS = YES_AGGRESSIVE;
				GCC_WARN_UNUSED_FUNCTION = YES;
				GCC_WARN_UNUSED_VARIABLE = YES;
				IPHONEOS_DEPLOYMENT_TARGET = 14.0;
				MTL_ENABLE_DEBUG_INFO = INCLUDE_SOURCE;
				MTL_FAST_MATH = YES;
				ONLY_ACTIVE_ARCH = YES;
				SDKROOT = iphoneos;
				SWIFT_ACTIVE_COMPILATION_CONDITIONS = DEBUG;
				SWIFT_OPTIMIZATION_LEVEL = "-Onone";
				VERSIONING_SYSTEM = "apple-generic";
				VERSION_INFO_PREFIX = "";
			};
			name = Debug;
		};
		27FAB07F2A9D875C001E63DF /* Release */ = {
			isa = XCBuildConfiguration;
			buildSettings = {
				ALWAYS_SEARCH_USER_PATHS = NO;
				CLANG_ANALYZER_NONNULL = YES;
				CLANG_ANALYZER_NUMBER_OBJECT_CONVERSION = YES_AGGRESSIVE;
				CLANG_CXX_LANGUAGE_STANDARD = "gnu++20";
				CLANG_ENABLE_MODULES = YES;
				CLANG_ENABLE_OBJC_ARC = YES;
				CLANG_ENABLE_OBJC_WEAK = YES;
				CLANG_WARN_BLOCK_CAPTURE_AUTORELEASING = YES;
				CLANG_WARN_BOOL_CONVERSION = YES;
				CLANG_WARN_COMMA = YES;
				CLANG_WARN_CONSTANT_CONVERSION = YES;
				CLANG_WARN_DEPRECATED_OBJC_IMPLEMENTATIONS = YES;
				CLANG_WARN_DIRECT_OBJC_ISA_USAGE = YES_ERROR;
				CLANG_WARN_DOCUMENTATION_COMMENTS = YES;
				CLANG_WARN_EMPTY_BODY = YES;
				CLANG_WARN_ENUM_CONVERSION = YES;
				CLANG_WARN_INFINITE_RECURSION = YES;
				CLANG_WARN_INT_CONVERSION = YES;
				CLANG_WARN_NON_LITERAL_NULL_CONVERSION = YES;
				CLANG_WARN_OBJC_IMPLICIT_RETAIN_SELF = YES;
				CLANG_WARN_OBJC_LITERAL_CONVERSION = YES;
				CLANG_WARN_OBJC_ROOT_CLASS = YES_ERROR;
				CLANG_WARN_QUOTED_INCLUDE_IN_FRAMEWORK_HEADER = YES;
				CLANG_WARN_RANGE_LOOP_ANALYSIS = YES;
				CLANG_WARN_STRICT_PROTOTYPES = YES;
				CLANG_WARN_SUSPICIOUS_MOVE = YES;
				CLANG_WARN_UNGUARDED_AVAILABILITY = YES_AGGRESSIVE;
				CLANG_WARN_UNREACHABLE_CODE = YES;
				CLANG_WARN__DUPLICATE_METHOD_MATCH = YES;
				COPY_PHASE_STRIP = NO;
				CURRENT_PROJECT_VERSION = 1;
				DEBUG_INFORMATION_FORMAT = "dwarf-with-dsym";
				ENABLE_NS_ASSERTIONS = NO;
				ENABLE_STRICT_OBJC_MSGSEND = YES;
				GCC_C_LANGUAGE_STANDARD = gnu11;
				GCC_NO_COMMON_BLOCKS = YES;
				GCC_WARN_64_TO_32_BIT_CONVERSION = YES;
				GCC_WARN_ABOUT_RETURN_TYPE = YES_ERROR;
				GCC_WARN_UNDECLARED_SELECTOR = YES;
				GCC_WARN_UNINITIALIZED_AUTOS = YES_AGGRESSIVE;
				GCC_WARN_UNUSED_FUNCTION = YES;
				GCC_WARN_UNUSED_VARIABLE = YES;
				IPHONEOS_DEPLOYMENT_TARGET = 14.0;
				MTL_ENABLE_DEBUG_INFO = NO;
				MTL_FAST_MATH = YES;
				SDKROOT = iphoneos;
				SWIFT_COMPILATION_MODE = wholemodule;
				SWIFT_OPTIMIZATION_LEVEL = "-O";
				VALIDATE_PRODUCT = YES;
				VERSIONING_SYSTEM = "apple-generic";
				VERSION_INFO_PREFIX = "";
			};
			name = Release;
		};
		27FAB0812A9D875C001E63DF /* Debug */ = {
			isa = XCBuildConfiguration;
			buildSettings = {
				CODE_SIGN_STYLE = Automatic;
				CURRENT_PROJECT_VERSION = 1;
				DEFINES_MODULE = YES;
				DYLIB_COMPATIBILITY_VERSION = 1;
				DYLIB_CURRENT_VERSION = 1;
				DYLIB_INSTALL_NAME_BASE = "@rpath";
				ENABLE_MODULE_VERIFIER = YES;
				GENERATE_INFOPLIST_FILE = YES;
				INFOPLIST_KEY_NSHumanReadableCopyright = "";
				INSTALL_PATH = "$(LOCAL_LIBRARY_DIR)/Frameworks";
				LD_RUNPATH_SEARCH_PATHS = (
					"$(inherited)",
					"@executable_path/Frameworks",
					"@loader_path/Frameworks",
				);
				MARKETING_VERSION = 1.0;
				MODULE_VERIFIER_SUPPORTED_LANGUAGES = "objective-c objective-c++";
				MODULE_VERIFIER_SUPPORTED_LANGUAGE_STANDARDS = "gnu11 gnu++20";
				PRODUCT_BUNDLE_IDENTIFIER = com.kakaohealthcare.com.KakaoHealthcareCalendar;
				PRODUCT_NAME = "$(TARGET_NAME:c99extidentifier)";
				SKIP_INSTALL = YES;
				SWIFT_EMIT_LOC_STRINGS = YES;
				SWIFT_VERSION = 5.0;
				TARGETED_DEVICE_FAMILY = "1,2";
			};
			name = Debug;
		};
		27FAB0822A9D875C001E63DF /* Release */ = {
			isa = XCBuildConfiguration;
			buildSettings = {
				CODE_SIGN_STYLE = Automatic;
				CURRENT_PROJECT_VERSION = 1;
				DEFINES_MODULE = YES;
				DYLIB_COMPATIBILITY_VERSION = 1;
				DYLIB_CURRENT_VERSION = 1;
				DYLIB_INSTALL_NAME_BASE = "@rpath";
				ENABLE_MODULE_VERIFIER = YES;
				GENERATE_INFOPLIST_FILE = YES;
				INFOPLIST_KEY_NSHumanReadableCopyright = "";
				INSTALL_PATH = "$(LOCAL_LIBRARY_DIR)/Frameworks";
				LD_RUNPATH_SEARCH_PATHS = (
					"$(inherited)",
					"@executable_path/Frameworks",
					"@loader_path/Frameworks",
				);
				MARKETING_VERSION = 1.0;
				MODULE_VERIFIER_SUPPORTED_LANGUAGES = "objective-c objective-c++";
				MODULE_VERIFIER_SUPPORTED_LANGUAGE_STANDARDS = "gnu11 gnu++20";
				PRODUCT_BUNDLE_IDENTIFIER = com.kakaohealthcare.com.KakaoHealthcareCalendar;
				PRODUCT_NAME = "$(TARGET_NAME:c99extidentifier)";
				SKIP_INSTALL = YES;
				SWIFT_EMIT_LOC_STRINGS = YES;
				SWIFT_VERSION = 5.0;
				TARGETED_DEVICE_FAMILY = "1,2";
			};
			name = Release;
		};
		27FAB0842A9D875C001E63DF /* Debug */ = {
			isa = XCBuildConfiguration;
			buildSettings = {
				ALWAYS_EMBED_SWIFT_STANDARD_LIBRARIES = YES;
				CODE_SIGN_STYLE = Automatic;
				CURRENT_PROJECT_VERSION = 1;
				GENERATE_INFOPLIST_FILE = YES;
				MARKETING_VERSION = 1.0;
				PRODUCT_BUNDLE_IDENTIFIER = com.kakaohealthcare.com.KakaoHealthcareCalendarTests;
				PRODUCT_NAME = "$(TARGET_NAME)";
				SWIFT_EMIT_LOC_STRINGS = NO;
				SWIFT_VERSION = 5.0;
				TARGETED_DEVICE_FAMILY = "1,2";
			};
			name = Debug;
		};
		27FAB0852A9D875C001E63DF /* Release */ = {
			isa = XCBuildConfiguration;
			buildSettings = {
				ALWAYS_EMBED_SWIFT_STANDARD_LIBRARIES = YES;
				CODE_SIGN_STYLE = Automatic;
				CURRENT_PROJECT_VERSION = 1;
				GENERATE_INFOPLIST_FILE = YES;
				MARKETING_VERSION = 1.0;
				PRODUCT_BUNDLE_IDENTIFIER = com.kakaohealthcare.com.KakaoHealthcareCalendarTests;
				PRODUCT_NAME = "$(TARGET_NAME)";
				SWIFT_EMIT_LOC_STRINGS = NO;
				SWIFT_VERSION = 5.0;
				TARGETED_DEVICE_FAMILY = "1,2";
			};
			name = Release;
		};
/* End XCBuildConfiguration section */

/* Begin XCConfigurationList section */
		27FAB0662A9D875C001E63DF /* Build configuration list for PBXProject "KakaoHealthcareCalendar" */ = {
			isa = XCConfigurationList;
			buildConfigurations = (
				27FAB07E2A9D875C001E63DF /* Debug */,
				27FAB07F2A9D875C001E63DF /* Release */,
			);
			defaultConfigurationIsVisible = 0;
			defaultConfigurationName = Release;
		};
		27FAB0802A9D875C001E63DF /* Build configuration list for PBXNativeTarget "KakaoHealthcareCalendar" */ = {
			isa = XCConfigurationList;
			buildConfigurations = (
				27FAB0812A9D875C001E63DF /* Debug */,
				27FAB0822A9D875C001E63DF /* Release */,
			);
			defaultConfigurationIsVisible = 0;
			defaultConfigurationName = Release;
		};
		27FAB0832A9D875C001E63DF /* Build configuration list for PBXNativeTarget "KakaoHealthcareCalendarTests" */ = {
			isa = XCConfigurationList;
			buildConfigurations = (
				27FAB0842A9D875C001E63DF /* Debug */,
				27FAB0852A9D875C001E63DF /* Release */,
			);
			defaultConfigurationIsVisible = 0;
			defaultConfigurationName = Release;
		};
/* End XCConfigurationList section */

/* Begin XCRemoteSwiftPackageReference section */
		276738D42A9ECC0800E5D68F /* XCRemoteSwiftPackageReference "FSCalendar" */ = {
			isa = XCRemoteSwiftPackageReference;
			repositoryURL = "https://github.com/WenchaoD/FSCalendar.git";
			requirement = {
				kind = upToNextMajorVersion;
				minimumVersion = 2.8.3;
			};
		};
/* End XCRemoteSwiftPackageReference section */

/* Begin XCSwiftPackageProductDependency section */
		276738D52A9ECC0800E5D68F /* FSCalendar */ = {
			isa = XCSwiftPackageProductDependency;
			package = 276738D42A9ECC0800E5D68F /* XCRemoteSwiftPackageReference "FSCalendar" */;
			productName = FSCalendar;
		};
/* End XCSwiftPackageProductDependency section */
	};
	rootObject = 27FAB0632A9D875C001E63DF /* Project object */;
}
